{
  "name": "dots-wrapper",
  "version": "1.0.1",
  "lockfileVersion": 1,
  "requires": true,
  "dependencies": {
    "@types/axios": {
      "version": "https://registry.npmjs.org/@types/axios/-/axios-0.14.0.tgz",
      "integrity": "sha1-7CMA++fX3d1+udOr+HmZlkyvzkY=",
      "requires": {
        "axios": "https://registry.npmjs.org/axios/-/axios-0.16.1.tgz"
      }
    },
    "@types/node": {
      "version": "https://registry.npmjs.org/@types/node/-/node-7.0.13.tgz",
      "integrity": "sha1-GwpT/p75w6XQYbEmzJuRW8pDo/U="
    },
    "axios": {
      "version": "https://registry.npmjs.org/axios/-/axios-0.16.1.tgz",
      "integrity": "sha1-wLbSZgCEI4S49QnlcRHw0t+CI8o=",
      "requires": {
        "follow-redirects": "https://registry.npmjs.org/follow-redirects/-/follow-redirects-1.2.3.tgz"
      }
    },
    "debug": {
      "version": "https://registry.npmjs.org/debug/-/debug-2.6.4.tgz",
      "integrity": "sha1-dYaps8OXQcAoKuM0RcTorHRzT+A=",
      "requires": {
        "ms": "https://registry.npmjs.org/ms/-/ms-0.7.3.tgz"
      }
    },
    "follow-redirects": {
      "version": "https://registry.npmjs.org/follow-redirects/-/follow-redirects-1.2.3.tgz",
      "integrity": "sha1-AauuyoXjYJg32fzaMWen5C/ayiE=",
      "requires": {
        "debug": "https://registry.npmjs.org/debug/-/debug-2.6.4.tgz"
      }
    },
    "ms": {
      "version": "https://registry.npmjs.org/ms/-/ms-0.7.3.tgz",
      "integrity": "sha1-cIFVpeROM/X9D8U+gdDUCpG+H/8="
    },
    "rxjs": {
      "version": "5.5.0",
      "resolved": "https://registry.npmjs.org/rxjs/-/rxjs-5.5.0.tgz",
      "integrity": "sha512-vmvP5y/oJIJmXKHY36PIjVeI/46Sny6BMBa7/ou2zsNz1PiqU/Gtcz1GujnHz5Qlxncv+J9VlWmttnshqFj3Kg==",
      "requires": {
        "symbol-observable": "1.0.4"
      }
    },
    "symbol-observable": {
      "version": "1.0.4",
      "resolved": "https://registry.npmjs.org/symbol-observable/-/symbol-observable-1.0.4.tgz",
      "integrity": "sha1-Kb9hXUqnEhvdiYsi1LP5vE4qoD0="
    }
  }
}
